
Microsoft Visual Studio Solution File, Format Version 12.00
# Visual Studio Version 17
VisualStudioVersion = 17.3.32819.101
MinimumVisualStudioVersion = 10.0.40219.1
Project("{FAE04EC0-301F-11D3-BF4B-00C04F79EFBC}") = "markdown2.0", "markdown2.0.csproj", "{E4035D30-7CF6-4103-B309-DED9FBBE5511}"
EndProject
Global
	GlobalSection(SolutionConfigurationPlatforms) = preSolution
		Debug|Any CPU = Debug|Any CPU
		Release|Any CPU = Release|Any CPU
	EndGlobalSection
	GlobalSection(ProjectConfigurationPlatforms) = postSolution
		{E4035D30-7CF6-4103-B309-DED9FBBE5511}.Debug|Any CPU.ActiveCfg = Debug|Any CPU
		{E4035D30-7CF6-4103-B309-DED9FBBE5511}.Debug|Any CPU.Build.0 = Debug|Any CPU
		{E4035D30-7CF6-4103-B309-DED9FBBE5511}.Release|Any CPU.ActiveCfg = Release|Any CPU
		{E4035D30-7CF6-4103-B309-DED9FBBE5511}.Release|Any CPU.Build.0 = Release|Any CPU
	EndGlobalSection
	GlobalSection(SolutionProperties) = preSolution
		HideSolutionNode = FALSE
	EndGlobalSection
	GlobalSection(ExtensibilityGlobals) = postSolution
		SolutionGuid = {D157864F-AEDA-495C-A6A3-4C58AD0531A3}
	EndGlobalSection
EndGlobal
